<?xml version="1.0" encoding="utf-8"?>
<Project ToolsVersion="4.0" xmlns="http://schemas.microsoft.com/developer/msbuild/2003">
  <ItemGroup>
    <ClCompile Include="src\common\FirstPersonController.cpp">
      <Filter>src\common</Filter>
    </ClCompile>
    <ClCompile Include="src\common\glfw.cpp">
      <Filter>src\common</Filter>
    </ClCompile>
    <ClCompile Include="src\common\MouseScroll.cpp">
      <Filter>src\common</Filter>
    </ClCompile>
    <ClCompile Include="src\common\Random.cpp">
      <Filter>src\common</Filter>
    </ClCompile>
    <ClCompile Include="src\common\Stopwatch.cpp">
      <Filter>src\common</Filter>
    </ClCompile>
    <ClCompile Include="src\common\Timer.cpp">
      <Filter>src\common</Filter>
    </ClCompile>
    <ClCompile Include="src\common\WASDMove.cpp">
      <Filter>src\common</Filter>
    </ClCompile>
    <ClCompile Include="src\game\main.cpp">
      <Filter>src\game</Filter>
    </ClCompile>
    <ClCompile Include="src\game\ofApp.cpp">
      <Filter>src\game</Filter>
    </ClCompile>
    <ClCompile Include="src\game\PlayScene.cpp">
      <Filter>src\game</Filter>
    </ClCompile>
    <ClCompile Include="src\game\Screen.cpp">
      <Filter>src\game</Filter>
    </ClCompile>
    <ClCompile Include="src\input\Input.cpp">
      <Filter>src\input</Filter>
    </ClCompile>
    <ClCompile Include="src\input\InputState.cpp">
      <Filter>src\input</Filter>
    </ClCompile>
    <ClCompile Include="src\input\InputSystem.cpp">
      <Filter>src\input</Filter>
    </ClCompile>
    <ClCompile Include="src\input\KeyboardBuffer.cpp">
      <Filter>src\input</Filter>
    </ClCompile>
    <ClCompile Include="src\input\KeyboardState.cpp">
      <Filter>src\input</Filter>
    </ClCompile>
    <ClCompile Include="src\input\MouseBuffer.cpp">
      <Filter>src\input</Filter>
    </ClCompile>
    <ClCompile Include="src\input\MouseState.cpp">
      <Filter>src\input</Filter>
    </ClCompile>
    <ClCompile Include="src\io\CommandReader.cpp">
      <Filter>src\io</Filter>
    </ClCompile>
    <ClCompile Include="src\io\Directory.cpp">
      <Filter>src\io</Filter>
    </ClCompile>
    <ClCompile Include="src\io\File.cpp">
      <Filter>src\io</Filter>
    </ClCompile>
    <ClCompile Include="src\io\Path.cpp">
      <Filter>src\io</Filter>
    </ClCompile>
    <ClCompile Include="src\scene\Scene.cpp">
      <Filter>src\scene</Filter>
    </ClCompile>
    <ClCompile Include="src\scene\SceneManager.cpp">
      <Filter>src\scene</Filter>
    </ClCompile>
    <ClCompile Include="src\shader\AABB.cpp">
      <Filter>src\shader</Filter>
    </ClCompile>
    <ClCompile Include="src\shader\Camera.cpp">
      <Filter>src\shader</Filter>
    </ClCompile>
    <ClCompile Include="src\shader\CameraRegistry.cpp">
      <Filter>src\shader</Filter>
    </ClCompile>
    <ClCompile Include="src\shader\CubeMap.cpp">
      <Filter>src\shader</Filter>
    </ClCompile>
    <ClCompile Include="src\shader\Flag.cpp">
      <Filter>src\shader</Filter>
    </ClCompile>
    <ClCompile Include="src\shader\FrameBuffer.cpp">
      <Filter>src\shader</Filter>
    </ClCompile>
    <ClCompile Include="src\shader\Material.cpp">
      <Filter>src\shader</Filter>
    </ClCompile>
    <ClCompile Include="src\shader\MaterialRegistry.cpp">
      <Filter>src\shader</Filter>
    </ClCompile>
    <ClCompile Include="src\shader\ModelTexture.cpp">
      <Filter>src\shader</Filter>
    </ClCompile>
    <ClCompile Include="src\shader\NameSet.cpp">
      <Filter>src\shader</Filter>
    </ClCompile>
    <ClCompile Include="src\shader\Plane.cpp">
      <Filter>src\shader</Filter>
    </ClCompile>
    <ClCompile Include="src\shader\RenderBuffer.cpp">
      <Filter>src\shader</Filter>
    </ClCompile>
    <ClCompile Include="src\shader\ScreenBuffer.cpp">
      <Filter>src\shader</Filter>
    </ClCompile>
    <ClCompile Include="src\shader\Shader.cpp">
      <Filter>src\shader</Filter>
    </ClCompile>
    <ClCompile Include="src\shader\ShaderProperty.cpp">
      <Filter>src\shader</Filter>
    </ClCompile>
    <ClCompile Include="src\shader\ShaderRegistry.cpp">
      <Filter>src\shader</Filter>
    </ClCompile>
    <ClCompile Include="src\shader\Texture.cpp">
      <Filter>src\shader</Filter>
    </ClCompile>
    <ClCompile Include="src\shader\Transform.cpp">
      <Filter>src\shader</Filter>
    </ClCompile>
    <ClCompile Include="src\shader\Vertex.cpp">
      <Filter>src\shader</Filter>
    </ClCompile>
    <ClCompile Include="src\shader\VertexArray.cpp">
      <Filter>src\shader</Filter>
    </ClCompile>
    <ClCompile Include="src\text\Encoding.cpp">
      <Filter>src\text</Filter>
    </ClCompile>
    <ClCompile Include="src\text\Strings.cpp">
      <Filter>src\text</Filter>
    </ClCompile>
    <ClCompile Include="src\world\biome\BasicBiome.cpp">
      <Filter>src\world\biome</Filter>
    </ClCompile>
    <ClCompile Include="src\world\biome\HillBiome.cpp">
      <Filter>src\world\biome</Filter>
    </ClCompile>
    <ClCompile Include="src\world\biome\PlainBiome.cpp">
      <Filter>src\world\biome</Filter>
    </ClCompile>
    <ClCompile Include="src\world\Block.cpp">
      <Filter>src\world</Filter>
    </ClCompile>
    <ClCompile Include="src\world\BlockRenderer.cpp">
      <Filter>src\world</Filter>
    </ClCompile>
    <ClCompile Include="src\world\BlockTable.cpp">
      <Filter>src\world</Filter>
    </ClCompile>
    <ClCompile Include="src\world\engine\Cell.cpp">
      <Filter>src\world\engine</Filter>
    </ClCompile>
    <ClCompile Include="src\world\engine\Generator.cpp">
      <Filter>src\world\engine</Filter>
    </ClCompile>
    <ClCompile Include="src\world\engine\PerlinNoise.cpp">
      <Filter>src\world\engine</Filter>
    </ClCompile>
    <ClCompile Include="src\world\engine\Xorshift.cpp">
      <Filter>src\world\engine</Filter>
    </ClCompile>
    <ClCompile Include="src\world\Entity.cpp">
      <Filter>src\world</Filter>
    </ClCompile>
    <ClCompile Include="src\world\EntityRigidbody.cpp">
      <Filter>src\world</Filter>
    </ClCompile>
    <ClCompile Include="src\world\MultiBlock.cpp">
      <Filter>src\world</Filter>
    </ClCompile>
    <ClCompile Include="src\world\Planet.cpp">
      <Filter>src\world</Filter>
    </ClCompile>
    <ClCompile Include="src\world\SideRenderer.cpp">
      <Filter>src\world</Filter>
    </ClCompile>
    <ClCompile Include="src\world\TexturePack.cpp">
      <Filter>src\world</Filter>
    </ClCompile>
    <ClCompile Include="src\world\TextureSet.cpp">
      <Filter>src\world</Filter>
    </ClCompile>
    <ClCompile Include="src\world\World.cpp">
      <Filter>src\world</Filter>
    </ClCompile>
    <ClCompile Include="..\..\..\..\addons\ofxAssimpModelLoader\src\ofxAssimpAnimation.cpp">
      <Filter>addons\ofxAssimpModelLoader\src</Filter>
    </ClCompile>
    <ClCompile Include="..\..\..\..\addons\ofxAssimpModelLoader\src\ofxAssimpMeshHelper.cpp">
      <Filter>addons\ofxAssimpModelLoader\src</Filter>
    </ClCompile>
    <ClCompile Include="..\..\..\..\addons\ofxAssimpModelLoader\src\ofxAssimpModelLoader.cpp">
      <Filter>addons\ofxAssimpModelLoader\src</Filter>
    </ClCompile>
    <ClCompile Include="..\..\..\..\addons\ofxAssimpModelLoader\src\ofxAssimpTexture.cpp">
      <Filter>addons\ofxAssimpModelLoader\src</Filter>
    </ClCompile>
    <ClCompile Include="..\..\..\..\addons\ofxImGui\src\BaseEngine.cpp">
      <Filter>addons\ofxImGui\src</Filter>
    </ClCompile>
    <ClCompile Include="..\..\..\..\addons\ofxImGui\src\DefaultTheme.cpp">
      <Filter>addons\ofxImGui\src</Filter>
    </ClCompile>
    <ClCompile Include="..\..\..\..\addons\ofxImGui\src\EngineGLFW.cpp">
      <Filter>addons\ofxImGui\src</Filter>
    </ClCompile>
    <ClCompile Include="..\..\..\..\addons\ofxImGui\src\EngineOpenGLES.cpp">
      <Filter>addons\ofxImGui\src</Filter>
    </ClCompile>
    <ClCompile Include="..\..\..\..\addons\ofxImGui\src\EngineVk.cpp">
      <Filter>addons\ofxImGui\src</Filter>
    </ClCompile>
    <ClCompile Include="..\..\..\..\addons\ofxImGui\src\Gui.cpp">
      <Filter>addons\ofxImGui\src</Filter>
    </ClCompile>
    <ClCompile Include="..\..\..\..\addons\ofxImGui\src\Helpers.cpp">
      <Filter>addons\ofxImGui\src</Filter>
    </ClCompile>
    <ClCompile Include="..\..\..\..\addons\ofxImGui\src\ofxImGuiLoggerChannel.cpp">
      <Filter>addons\ofxImGui\src</Filter>
    </ClCompile>
    <ClCompile Include="..\..\..\..\addons\ofxImGui\libs\imgui\src\imgui.cpp">
      <Filter>addons\ofxImGui\libs\imgui\src</Filter>
    </ClCompile>
    <ClCompile Include="..\..\..\..\addons\ofxImGui\libs\imgui\src\imgui_demo.cpp">
      <Filter>addons\ofxImGui\libs\imgui\src</Filter>
    </ClCompile>
    <ClCompile Include="..\..\..\..\addons\ofxImGui\libs\imgui\src\imgui_draw.cpp">
      <Filter>addons\ofxImGui\libs\imgui\src</Filter>
    </ClCompile>
    <ClCompile Include="..\..\..\..\addons\ofxImGui\libs\imgui\src\imgui_widgets.cpp">
      <Filter>addons\ofxImGui\libs\imgui\src</Filter>
    </ClCompile>
    <ClCompile Include="..\..\..\..\addons\ofxPoco\src\ofxXmlPoco.cpp">
      <Filter>addons\ofxPoco\src</Filter>
    </ClCompile>
    <ClCompile Include="..\..\..\..\addons\ofxTween\src\Easings\ofxEasing.cpp">
      <Filter>addons\ofxTween\src\Easings</Filter>
    </ClCompile>
    <ClCompile Include="..\..\..\..\addons\ofxTween\src\Easings\ofxEasingBack.cpp">
      <Filter>addons\ofxTween\src\Easings</Filter>
    </ClCompile>
    <ClCompile Include="..\..\..\..\addons\ofxTween\src\Easings\ofxEasingBounce.cpp">
      <Filter>addons\ofxTween\src\Easings</Filter>
    </ClCompile>
    <ClCompile Include="..\..\..\..\addons\ofxTween\src\Easings\ofxEasingCirc.cpp">
      <Filter>addons\ofxTween\src\Easings</Filter>
    </ClCompile>
    <ClCompile Include="..\..\..\..\addons\ofxTween\src\Easings\ofxEasingCubic.cpp">
      <Filter>addons\ofxTween\src\Easings</Filter>
    </ClCompile>
    <ClCompile Include="..\..\..\..\addons\ofxTween\src\Easings\ofxEasingElastic.cpp">
      <Filter>addons\ofxTween\src\Easings</Filter>
    </ClCompile>
    <ClCompile Include="..\..\..\..\addons\ofxTween\src\Easings\ofxEasingExpo.cpp">
      <Filter>addons\ofxTween\src\Easings</Filter>
    </ClCompile>
    <ClCompile Include="..\..\..\..\addons\ofxTween\src\Easings\ofxEasingLinear.cpp">
      <Filter>addons\ofxTween\src\Easings</Filter>
    </ClCompile>
    <ClCompile Include="..\..\..\..\addons\ofxTween\src\Easings\ofxEasingQuad.cpp">
      <Filter>addons\ofxTween\src\Easings</Filter>
    </ClCompile>
    <ClCompile Include="..\..\..\..\addons\ofxTween\src\Easings\ofxEasingQuart.cpp">
      <Filter>addons\ofxTween\src\Easings</Filter>
    </ClCompile>
    <ClCompile Include="..\..\..\..\addons\ofxTween\src\Easings\ofxEasingQuint.cpp">
      <Filter>addons\ofxTween\src\Easings</Filter>
    </ClCompile>
    <ClCompile Include="..\..\..\..\addons\ofxTween\src\Easings\ofxEasingSine.cpp">
      <Filter>addons\ofxTween\src\Easings</Filter>
    </ClCompile>
    <ClCompile Include="..\..\..\..\addons\ofxTween\src\ofxTween.cpp">
      <Filter>addons\ofxTween\src</Filter>
    </ClCompile>
    <ClCompile Include="..\..\..\..\addons\ofxXmlSettings\src\ofxXmlSettings.cpp">
      <Filter>addons\ofxXmlSettings\src</Filter>
    </ClCompile>
    <ClCompile Include="..\..\..\..\addons\ofxXmlSettings\libs\tinyxml.cpp">
      <Filter>addons\ofxXmlSettings\libs</Filter>
    </ClCompile>
    <ClCompile Include="..\..\..\..\addons\ofxXmlSettings\libs\tinyxmlerror.cpp">
      <Filter>addons\ofxXmlSettings\libs</Filter>
    </ClCompile>
    <ClCompile Include="..\..\..\..\addons\ofxXmlSettings\libs\tinyxmlparser.cpp">
      <Filter>addons\ofxXmlSettings\libs</Filter>
    </ClCompile>
    <ClCompile Include="src\world\TextureInfoCollection.cpp" />
    <ClCompile Include="src\world\BlockInfoCollection.cpp" />
    <ClCompile Include="src\world\BlockPack.cpp" />
    <ClCompile Include="src\world\engine\Pocket.cpp" />
    <ClCompile Include="src\world\engine\Terrain.cpp" />
    <ClCompile Include="src\luaex\luaex.cpp" />
    <ClCompile Include="src\world\biome\ScriptBiome.cpp" />
    <ClCompile Include="src\world\WorldIO.cpp" />
    <ClCompile Include="src\imguiex\ListBox.cpp" />
    <ClCompile Include="src\imguiex\CheckBox.cpp" />
    <ClCompile Include="src\imguiex\RadioButtonGroup.cpp" />
  </ItemGroup>
  <ItemGroup>
    <Filter Include="src">
      <UniqueIdentifier>{d8376475-7454-4a24-b08a-aac121d3ad6f}</UniqueIdentifier>
    </Filter>
    <Filter Include="src\.vscode">
      <UniqueIdentifier>{661413F3-EE16-75E8-38D7-7328}</UniqueIdentifier>
    </Filter>
    <Filter Include="src\common">
      <UniqueIdentifier>{FE56CF09-06BA-2CDB-AEB6-C358}</UniqueIdentifier>
    </Filter>
    <Filter Include="src\game">
      <UniqueIdentifier>{097A2B9D-257B-165E-E663-6489}</UniqueIdentifier>
    </Filter>
    <Filter Include="src\input">
      <UniqueIdentifier>{96AB040E-0CB8-94F0-7D6B-7794}</UniqueIdentifier>
    </Filter>
    <Filter Include="src\io">
      <UniqueIdentifier>{4C7AF5D1-9B29-A7D0-0641-10F4}</UniqueIdentifier>
    </Filter>
    <Filter Include="src\scene">
      <UniqueIdentifier>{73142FC3-17CC-1CF8-54A8-DD1E}</UniqueIdentifier>
    </Filter>
    <Filter Include="src\shader">
      <UniqueIdentifier>{AB588F32-2194-449A-B4D5-FB46}</UniqueIdentifier>
    </Filter>
    <Filter Include="src\shader\fbx">
      <UniqueIdentifier>{96CFA3BF-DD22-64FD-3DDB-6868}</UniqueIdentifier>
    </Filter>
    <Filter Include="src\text">
      <UniqueIdentifier>{D126F1F7-06A4-E233-FC5D-540A}</UniqueIdentifier>
    </Filter>
    <Filter Include="src\world">
      <UniqueIdentifier>{FDB4A45B-3382-35DB-CEAE-9344}</UniqueIdentifier>
    </Filter>
    <Filter Include="src\world\biome">
      <UniqueIdentifier>{D8F81E7F-EA99-06CE-22BE-8DD5}</UniqueIdentifier>
    </Filter>
    <Filter Include="src\world\engine">
      <UniqueIdentifier>{E1BF937E-A226-DDF7-94C9-676B}</UniqueIdentifier>
    </Filter>
    <Filter Include="addons">
      <UniqueIdentifier>{71834F65-F3A9-211E-73B8-DC85}</UniqueIdentifier>
    </Filter>
    <Filter Include="addons\ofxAssimpModelLoader">
      <UniqueIdentifier>{DE65D9F7-840A-CD0A-A555-EA3B}</UniqueIdentifier>
    </Filter>
    <Filter Include="addons\ofxAssimpModelLoader\src">
      <UniqueIdentifier>{B84008DC-4B5E-271B-05DA-D8C8}</UniqueIdentifier>
    </Filter>
    <Filter Include="addons\ofxAssimpModelLoader\libs">
      <UniqueIdentifier>{3D854F79-FA4A-75FA-FC0A-2B25}</UniqueIdentifier>
    </Filter>
    <Filter Include="addons\ofxAssimpModelLoader\libs\assimp">
      <UniqueIdentifier>{FE8B5295-D3A7-B9CD-89C9-2613}</UniqueIdentifier>
    </Filter>
    <Filter Include="addons\ofxAssimpModelLoader\libs\assimp\include">
      <UniqueIdentifier>{EDC34C4F-5D44-FB76-337E-EE48}</UniqueIdentifier>
    </Filter>
    <Filter Include="addons\ofxAssimpModelLoader\libs\assimp\include\assimp">
      <UniqueIdentifier>{E66BABFA-76A1-EB8D-40FF-B940}</UniqueIdentifier>
    </Filter>
    <Filter Include="addons\ofxAssimpModelLoader\libs\assimp\include\assimp\Compiler">
      <UniqueIdentifier>{A0C31C2E-6C01-8850-3B72-C818}</UniqueIdentifier>
    </Filter>
    <Filter Include="addons\ofxAssimpModelLoader\libs\assimp\include\assimp\port">
      <UniqueIdentifier>{BEEFB1FC-DD96-F59B-869C-D91A}</UniqueIdentifier>
    </Filter>
    <Filter Include="addons\ofxAssimpModelLoader\libs\assimp\include\assimp\port\AndroidJNI">
      <UniqueIdentifier>{CA012BC2-060F-2F55-47FD-5ACF}</UniqueIdentifier>
    </Filter>
    <Filter Include="addons\ofxImGui">
      <UniqueIdentifier>{0CD6A942-69FF-3BAA-3AF1-ADD1}</UniqueIdentifier>
    </Filter>
    <Filter Include="addons\ofxImGui\src">
      <UniqueIdentifier>{18028A43-13D3-1DD5-471A-BE87}</UniqueIdentifier>
    </Filter>
    <Filter Include="addons\ofxImGui\libs">
      <UniqueIdentifier>{BE2F957E-7DA7-055C-DC70-3070}</UniqueIdentifier>
    </Filter>
    <Filter Include="addons\ofxImGui\libs\imgui">
      <UniqueIdentifier>{296AD70B-2F2E-1462-9E7C-6030}</UniqueIdentifier>
    </Filter>
    <Filter Include="addons\ofxImGui\libs\imgui\src">
      <UniqueIdentifier>{5962BF19-1468-EB82-01C0-2E72}</UniqueIdentifier>
    </Filter>
    <Filter Include="addons\ofxPoco">
      <UniqueIdentifier>{3256AE3E-9B29-EA27-C842-CE6B}</UniqueIdentifier>
    </Filter>
    <Filter Include="addons\ofxPoco\src">
      <UniqueIdentifier>{C7D4269D-D8A9-A7BB-531B-98DA}</UniqueIdentifier>
    </Filter>
    <Filter Include="addons\ofxTween">
      <UniqueIdentifier>{8A8810E8-A79D-7A1D-2F0A-7203}</UniqueIdentifier>
    </Filter>
    <Filter Include="addons\ofxTween\src">
      <UniqueIdentifier>{40AC4B42-6A5A-9537-EB82-D1B8}</UniqueIdentifier>
    </Filter>
    <Filter Include="addons\ofxTween\src\Easings">
      <UniqueIdentifier>{EF0F6A8B-B04F-E782-21EF-D4BA}</UniqueIdentifier>
    </Filter>
    <Filter Include="addons\ofxUnitTests">
      <UniqueIdentifier>{99AF7102-9423-91D4-8CD7-6602}</UniqueIdentifier>
    </Filter>
    <Filter Include="addons\ofxUnitTests\src">
      <UniqueIdentifier>{6DB6A1EA-29BB-7859-928B-898A}</UniqueIdentifier>
    </Filter>
    <Filter Include="addons\ofxXmlSettings">
      <UniqueIdentifier>{877F005D-13E6-0592-1D97-F2E3}</UniqueIdentifier>
    </Filter>
    <Filter Include="addons\ofxXmlSettings\src">
      <UniqueIdentifier>{CCB2AC63-49D2-977C-CFE8-AEAD}</UniqueIdentifier>
    </Filter>
    <Filter Include="addons\ofxXmlSettings\libs">
      <UniqueIdentifier>{687714A8-1662-FA1C-261F-50F0}</UniqueIdentifier>
    </Filter>
  </ItemGroup>
  <ItemGroup>
    <ClInclude Include="src\common\FirstPersonController.hpp">
      <Filter>src\common</Filter>
    </ClInclude>
    <ClInclude Include="src\common\glfw.hpp">
      <Filter>src\common</Filter>
    </ClInclude>
    <ClInclude Include="src\common\GLM.hpp">
      <Filter>src\common</Filter>
    </ClInclude>
    <ClInclude Include="src\common\MouseScroll.hpp">
      <Filter>src\common</Filter>
    </ClInclude>
    <ClInclude Include="src\common\Random.hpp">
      <Filter>src\common</Filter>
    </ClInclude>
    <ClInclude Include="src\common\Stopwatch.hpp">
      <Filter>src\common</Filter>
    </ClInclude>
    <ClInclude Include="src\common\Timer.hpp">
      <Filter>src\common</Filter>
    </ClInclude>
    <ClInclude Include="src\common\WASDMove.hpp">
      <Filter>src\common</Filter>
    </ClInclude>
    <ClInclude Include="src\game\ofApp.h">
      <Filter>src\game</Filter>
    </ClInclude>
    <ClInclude Include="src\game\PlayScene.hpp">
      <Filter>src\game</Filter>
    </ClInclude>
    <ClInclude Include="src\game\Screen.hpp">
      <Filter>src\game</Filter>
    </ClInclude>
    <ClInclude Include="src\input\ButtonState.hpp">
      <Filter>src\input</Filter>
    </ClInclude>
    <ClInclude Include="src\input\Input.hpp">
      <Filter>src\input</Filter>
    </ClInclude>
    <ClInclude Include="src\input\InputState.hpp">
      <Filter>src\input</Filter>
    </ClInclude>
    <ClInclude Include="src\input\InputSystem.hpp">
      <Filter>src\input</Filter>
    </ClInclude>
    <ClInclude Include="src\input\KeyboardBuffer.hpp">
      <Filter>src\input</Filter>
    </ClInclude>
    <ClInclude Include="src\input\KeyboardState.hpp">
      <Filter>src\input</Filter>
    </ClInclude>
    <ClInclude Include="src\input\MouseBuffer.hpp">
      <Filter>src\input</Filter>
    </ClInclude>
    <ClInclude Include="src\input\MouseButton.hpp">
      <Filter>src\input</Filter>
    </ClInclude>
    <ClInclude Include="src\input\MouseState.hpp">
      <Filter>src\input</Filter>
    </ClInclude>
    <ClInclude Include="src\io\CommandReader.hpp">
      <Filter>src\io</Filter>
    </ClInclude>
    <ClInclude Include="src\io\Directory.hpp">
      <Filter>src\io</Filter>
    </ClInclude>
    <ClInclude Include="src\io\File.hpp">
      <Filter>src\io</Filter>
    </ClInclude>
    <ClInclude Include="src\io\Path.hpp">
      <Filter>src\io</Filter>
    </ClInclude>
    <ClInclude Include="src\scene\Scene.hpp">
      <Filter>src\scene</Filter>
    </ClInclude>
    <ClInclude Include="src\scene\SceneManager.hpp">
      <Filter>src\scene</Filter>
    </ClInclude>
    <ClInclude Include="src\shader\AABB.hpp">
      <Filter>src\shader</Filter>
    </ClInclude>
    <ClInclude Include="src\shader\Buffer.hpp">
      <Filter>src\shader</Filter>
    </ClInclude>
    <ClInclude Include="src\shader\Camera.hpp">
      <Filter>src\shader</Filter>
    </ClInclude>
    <ClInclude Include="src\shader\CameraObserver.hpp">
      <Filter>src\shader</Filter>
    </ClInclude>
    <ClInclude Include="src\shader\CameraRegistry.hpp">
      <Filter>src\shader</Filter>
    </ClInclude>
    <ClInclude Include="src\shader\CubeMap.hpp">
      <Filter>src\shader</Filter>
    </ClInclude>
    <ClInclude Include="src\shader\Flag.hpp">
      <Filter>src\shader</Filter>
    </ClInclude>
    <ClInclude Include="src\shader\FrameBuffer.hpp">
      <Filter>src\shader</Filter>
    </ClInclude>
    <ClInclude Include="src\shader\Material.hpp">
      <Filter>src\shader</Filter>
    </ClInclude>
    <ClInclude Include="src\shader\MaterialRegistry.hpp">
      <Filter>src\shader</Filter>
    </ClInclude>
    <ClInclude Include="src\shader\ModelTexture.hpp">
      <Filter>src\shader</Filter>
    </ClInclude>
    <ClInclude Include="src\shader\NameSet.hpp">
      <Filter>src\shader</Filter>
    </ClInclude>
    <ClInclude Include="src\shader\Plane.hpp">
      <Filter>src\shader</Filter>
    </ClInclude>
    <ClInclude Include="src\shader\RenderBuffer.hpp">
      <Filter>src\shader</Filter>
    </ClInclude>
    <ClInclude Include="src\shader\ScreenBuffer.hpp">
      <Filter>src\shader</Filter>
    </ClInclude>
    <ClInclude Include="src\shader\Shader.hpp">
      <Filter>src\shader</Filter>
    </ClInclude>
    <ClInclude Include="src\shader\ShaderProperty.hpp">
      <Filter>src\shader</Filter>
    </ClInclude>
    <ClInclude Include="src\shader\ShaderRegistry.hpp">
      <Filter>src\shader</Filter>
    </ClInclude>
    <ClInclude Include="src\shader\Texture.hpp">
      <Filter>src\shader</Filter>
    </ClInclude>
    <ClInclude Include="src\shader\Transform.hpp">
      <Filter>src\shader</Filter>
    </ClInclude>
    <ClInclude Include="src\shader\Vertex.hpp">
      <Filter>src\shader</Filter>
    </ClInclude>
    <ClInclude Include="src\shader\VertexArray.hpp">
      <Filter>src\shader</Filter>
    </ClInclude>
    <ClInclude Include="src\text\Encoding.hpp">
      <Filter>src\text</Filter>
    </ClInclude>
    <ClInclude Include="src\text\Strings.hpp">
      <Filter>src\text</Filter>
    </ClInclude>
    <ClInclude Include="src\world\biome\BasicBiome.hpp">
      <Filter>src\world\biome</Filter>
    </ClInclude>
    <ClInclude Include="src\world\biome\Biome.hpp">
      <Filter>src\world\biome</Filter>
    </ClInclude>
    <ClInclude Include="src\world\biome\HillBiome.hpp">
      <Filter>src\world\biome</Filter>
    </ClInclude>
    <ClInclude Include="src\world\biome\PlainBiome.hpp">
      <Filter>src\world\biome</Filter>
    </ClInclude>
    <ClInclude Include="src\world\Block.hpp">
      <Filter>src\world</Filter>
    </ClInclude>
    <ClInclude Include="src\world\BlockBehavior.hpp">
      <Filter>src\world</Filter>
    </ClInclude>
    <ClInclude Include="src\world\BlockColliderType.hpp">
      <Filter>src\world</Filter>
    </ClInclude>
    <ClInclude Include="src\world\BlockRenderer.hpp">
      <Filter>src\world</Filter>
    </ClInclude>
    <ClInclude Include="src\world\BlockTable.hpp">
      <Filter>src\world</Filter>
    </ClInclude>
    <ClInclude Include="src\world\engine\Cell.hpp">
      <Filter>src\world\engine</Filter>
    </ClInclude>
    <ClInclude Include="src\world\engine\Generator.hpp">
      <Filter>src\world\engine</Filter>
    </ClInclude>
    <ClInclude Include="src\world\engine\PerlinNoise.hpp">
      <Filter>src\world\engine</Filter>
    </ClInclude>
    <ClInclude Include="src\world\engine\Xorshift.hpp">
      <Filter>src\world\engine</Filter>
    </ClInclude>
    <ClInclude Include="src\world\Entity.hpp">
      <Filter>src\world</Filter>
    </ClInclude>
    <ClInclude Include="src\world\EntityRigidbody.hpp">
      <Filter>src\world</Filter>
    </ClInclude>
    <ClInclude Include="src\world\MultiBlock.hpp">
      <Filter>src\world</Filter>
    </ClInclude>
    <ClInclude Include="src\world\Planet.hpp">
      <Filter>src\world</Filter>
    </ClInclude>
    <ClInclude Include="src\world\SideRenderer.hpp">
      <Filter>src\world</Filter>
    </ClInclude>
    <ClInclude Include="src\world\TexturePack.hpp">
      <Filter>src\world</Filter>
    </ClInclude>
    <ClInclude Include="src\world\TextureSet.hpp">
      <Filter>src\world</Filter>
    </ClInclude>
    <ClInclude Include="src\world\World.hpp">
      <Filter>src\world</Filter>
    </ClInclude>
    <ClInclude Include="..\..\..\..\addons\ofxAssimpModelLoader\src\ofxAssimpAnimation.h">
      <Filter>addons\ofxAssimpModelLoader\src</Filter>
    </ClInclude>
    <ClInclude Include="..\..\..\..\addons\ofxAssimpModelLoader\src\ofxAssimpMeshHelper.h">
      <Filter>addons\ofxAssimpModelLoader\src</Filter>
    </ClInclude>
    <ClInclude Include="..\..\..\..\addons\ofxAssimpModelLoader\src\ofxAssimpModelLoader.h">
      <Filter>addons\ofxAssimpModelLoader\src</Filter>
    </ClInclude>
    <ClInclude Include="..\..\..\..\addons\ofxAssimpModelLoader\src\ofxAssimpTexture.h">
      <Filter>addons\ofxAssimpModelLoader\src</Filter>
    </ClInclude>
    <ClInclude Include="..\..\..\..\addons\ofxAssimpModelLoader\src\ofxAssimpUtils.h">
      <Filter>addons\ofxAssimpModelLoader\src</Filter>
    </ClInclude>
    <ClInclude Include="..\..\..\..\addons\ofxAssimpModelLoader\libs\assimp\include\assimp\ai_assert.h">
      <Filter>addons\ofxAssimpModelLoader\libs\assimp\include\assimp</Filter>
    </ClInclude>
    <ClInclude Include="..\..\..\..\addons\ofxAssimpModelLoader\libs\assimp\include\assimp\anim.h">
      <Filter>addons\ofxAssimpModelLoader\libs\assimp\include\assimp</Filter>
    </ClInclude>
    <ClInclude Include="..\..\..\..\addons\ofxAssimpModelLoader\libs\assimp\include\assimp\camera.h">
      <Filter>addons\ofxAssimpModelLoader\libs\assimp\include\assimp</Filter>
    </ClInclude>
    <ClInclude Include="..\..\..\..\addons\ofxAssimpModelLoader\libs\assimp\include\assimp\cexport.h">
      <Filter>addons\ofxAssimpModelLoader\libs\assimp\include\assimp</Filter>
    </ClInclude>
    <ClInclude Include="..\..\..\..\addons\ofxAssimpModelLoader\libs\assimp\include\assimp\cfileio.h">
      <Filter>addons\ofxAssimpModelLoader\libs\assimp\include\assimp</Filter>
    </ClInclude>
    <ClInclude Include="..\..\..\..\addons\ofxAssimpModelLoader\libs\assimp\include\assimp\cimport.h">
      <Filter>addons\ofxAssimpModelLoader\libs\assimp\include\assimp</Filter>
    </ClInclude>
    <ClInclude Include="..\..\..\..\addons\ofxAssimpModelLoader\libs\assimp\include\assimp\color4.h">
      <Filter>addons\ofxAssimpModelLoader\libs\assimp\include\assimp</Filter>
    </ClInclude>
    <ClInclude Include="..\..\..\..\addons\ofxAssimpModelLoader\libs\assimp\include\assimp\Compiler\poppack1.h">
      <Filter>addons\ofxAssimpModelLoader\libs\assimp\include\assimp\Compiler</Filter>
    </ClInclude>
    <ClInclude Include="..\..\..\..\addons\ofxAssimpModelLoader\libs\assimp\include\assimp\Compiler\pstdint.h">
      <Filter>addons\ofxAssimpModelLoader\libs\assimp\include\assimp\Compiler</Filter>
    </ClInclude>
    <ClInclude Include="..\..\..\..\addons\ofxAssimpModelLoader\libs\assimp\include\assimp\Compiler\pushpack1.h">
      <Filter>addons\ofxAssimpModelLoader\libs\assimp\include\assimp\Compiler</Filter>
    </ClInclude>
    <ClInclude Include="..\..\..\..\addons\ofxAssimpModelLoader\libs\assimp\include\assimp\config.h">
      <Filter>addons\ofxAssimpModelLoader\libs\assimp\include\assimp</Filter>
    </ClInclude>
    <ClInclude Include="..\..\..\..\addons\ofxAssimpModelLoader\libs\assimp\include\assimp\DefaultIOStream.h">
      <Filter>addons\ofxAssimpModelLoader\libs\assimp\include\assimp</Filter>
    </ClInclude>
    <ClInclude Include="..\..\..\..\addons\ofxAssimpModelLoader\libs\assimp\include\assimp\DefaultIOSystem.h">
      <Filter>addons\ofxAssimpModelLoader\libs\assimp\include\assimp</Filter>
    </ClInclude>
    <ClInclude Include="..\..\..\..\addons\ofxAssimpModelLoader\libs\assimp\include\assimp\DefaultLogger.hpp">
      <Filter>addons\ofxAssimpModelLoader\libs\assimp\include\assimp</Filter>
    </ClInclude>
    <ClInclude Include="..\..\..\..\addons\ofxAssimpModelLoader\libs\assimp\include\assimp\Defines.h">
      <Filter>addons\ofxAssimpModelLoader\libs\assimp\include\assimp</Filter>
    </ClInclude>
    <ClInclude Include="..\..\..\..\addons\ofxAssimpModelLoader\libs\assimp\include\assimp\defs.h">
      <Filter>addons\ofxAssimpModelLoader\libs\assimp\include\assimp</Filter>
    </ClInclude>
    <ClInclude Include="..\..\..\..\addons\ofxAssimpModelLoader\libs\assimp\include\assimp\Exporter.hpp">
      <Filter>addons\ofxAssimpModelLoader\libs\assimp\include\assimp</Filter>
    </ClInclude>
    <ClInclude Include="..\..\..\..\addons\ofxAssimpModelLoader\libs\assimp\include\assimp\Importer.hpp">
      <Filter>addons\ofxAssimpModelLoader\libs\assimp\include\assimp</Filter>
    </ClInclude>
    <ClInclude Include="..\..\..\..\addons\ofxAssimpModelLoader\libs\assimp\include\assimp\importerdesc.h">
      <Filter>addons\ofxAssimpModelLoader\libs\assimp\include\assimp</Filter>
    </ClInclude>
    <ClInclude Include="..\..\..\..\addons\ofxAssimpModelLoader\libs\assimp\include\assimp\IOStream.hpp">
      <Filter>addons\ofxAssimpModelLoader\libs\assimp\include\assimp</Filter>
    </ClInclude>
    <ClInclude Include="..\..\..\..\addons\ofxAssimpModelLoader\libs\assimp\include\assimp\IOSystem.hpp">
      <Filter>addons\ofxAssimpModelLoader\libs\assimp\include\assimp</Filter>
    </ClInclude>
    <ClInclude Include="..\..\..\..\addons\ofxAssimpModelLoader\libs\assimp\include\assimp\light.h">
      <Filter>addons\ofxAssimpModelLoader\libs\assimp\include\assimp</Filter>
    </ClInclude>
    <ClInclude Include="..\..\..\..\addons\ofxAssimpModelLoader\libs\assimp\include\assimp\Logger.hpp">
      <Filter>addons\ofxAssimpModelLoader\libs\assimp\include\assimp</Filter>
    </ClInclude>
    <ClInclude Include="..\..\..\..\addons\ofxAssimpModelLoader\libs\assimp\include\assimp\LogStream.hpp">
      <Filter>addons\ofxAssimpModelLoader\libs\assimp\include\assimp</Filter>
    </ClInclude>
    <ClInclude Include="..\..\..\..\addons\ofxAssimpModelLoader\libs\assimp\include\assimp\material.h">
      <Filter>addons\ofxAssimpModelLoader\libs\assimp\include\assimp</Filter>
    </ClInclude>
    <ClInclude Include="..\..\..\..\addons\ofxAssimpModelLoader\libs\assimp\include\assimp\matrix3x3.h">
      <Filter>addons\ofxAssimpModelLoader\libs\assimp\include\assimp</Filter>
    </ClInclude>
    <ClInclude Include="..\..\..\..\addons\ofxAssimpModelLoader\libs\assimp\include\assimp\matrix4x4.h">
      <Filter>addons\ofxAssimpModelLoader\libs\assimp\include\assimp</Filter>
    </ClInclude>
    <ClInclude Include="..\..\..\..\addons\ofxAssimpModelLoader\libs\assimp\include\assimp\mesh.h">
      <Filter>addons\ofxAssimpModelLoader\libs\assimp\include\assimp</Filter>
    </ClInclude>
    <ClInclude Include="..\..\..\..\addons\ofxAssimpModelLoader\libs\assimp\include\assimp\metadata.h">
      <Filter>addons\ofxAssimpModelLoader\libs\assimp\include\assimp</Filter>
    </ClInclude>
    <ClInclude Include="..\..\..\..\addons\ofxAssimpModelLoader\libs\assimp\include\assimp\NullLogger.hpp">
      <Filter>addons\ofxAssimpModelLoader\libs\assimp\include\assimp</Filter>
    </ClInclude>
    <ClInclude Include="..\..\..\..\addons\ofxAssimpModelLoader\libs\assimp\include\assimp\port\AndroidJNI\AndroidJNIIOSystem.h">
      <Filter>addons\ofxAssimpModelLoader\libs\assimp\include\assimp\port\AndroidJNI</Filter>
    </ClInclude>
    <ClInclude Include="..\..\..\..\addons\ofxAssimpModelLoader\libs\assimp\include\assimp\postprocess.h">
      <Filter>addons\ofxAssimpModelLoader\libs\assimp\include\assimp</Filter>
    </ClInclude>
    <ClInclude Include="..\..\..\..\addons\ofxAssimpModelLoader\libs\assimp\include\assimp\ProgressHandler.hpp">
      <Filter>addons\ofxAssimpModelLoader\libs\assimp\include\assimp</Filter>
    </ClInclude>
    <ClInclude Include="..\..\..\..\addons\ofxAssimpModelLoader\libs\assimp\include\assimp\quaternion.h">
      <Filter>addons\ofxAssimpModelLoader\libs\assimp\include\assimp</Filter>
    </ClInclude>
    <ClInclude Include="..\..\..\..\addons\ofxAssimpModelLoader\libs\assimp\include\assimp\scene.h">
      <Filter>addons\ofxAssimpModelLoader\libs\assimp\include\assimp</Filter>
    </ClInclude>
    <ClInclude Include="..\..\..\..\addons\ofxAssimpModelLoader\libs\assimp\include\assimp\SceneCombiner.h">
      <Filter>addons\ofxAssimpModelLoader\libs\assimp\include\assimp</Filter>
    </ClInclude>
    <ClInclude Include="..\..\..\..\addons\ofxAssimpModelLoader\libs\assimp\include\assimp\texture.h">
      <Filter>addons\ofxAssimpModelLoader\libs\assimp\include\assimp</Filter>
    </ClInclude>
    <ClInclude Include="..\..\..\..\addons\ofxAssimpModelLoader\libs\assimp\include\assimp\types.h">
      <Filter>addons\ofxAssimpModelLoader\libs\assimp\include\assimp</Filter>
    </ClInclude>
    <ClInclude Include="..\..\..\..\addons\ofxAssimpModelLoader\libs\assimp\include\assimp\vector2.h">
      <Filter>addons\ofxAssimpModelLoader\libs\assimp\include\assimp</Filter>
    </ClInclude>
    <ClInclude Include="..\..\..\..\addons\ofxAssimpModelLoader\libs\assimp\include\assimp\vector3.h">
      <Filter>addons\ofxAssimpModelLoader\libs\assimp\include\assimp</Filter>
    </ClInclude>
    <ClInclude Include="..\..\..\..\addons\ofxAssimpModelLoader\libs\assimp\include\assimp\version.h">
      <Filter>addons\ofxAssimpModelLoader\libs\assimp\include\assimp</Filter>
    </ClInclude>
    <ClInclude Include="..\..\..\..\addons\ofxImGui\src\BaseEngine.h">
      <Filter>addons\ofxImGui\src</Filter>
    </ClInclude>
    <ClInclude Include="..\..\..\..\addons\ofxImGui\src\BaseTheme.h">
      <Filter>addons\ofxImGui\src</Filter>
    </ClInclude>
    <ClInclude Include="..\..\..\..\addons\ofxImGui\src\DefaultTheme.h">
      <Filter>addons\ofxImGui\src</Filter>
    </ClInclude>
    <ClInclude Include="..\..\..\..\addons\ofxImGui\src\EngineGLFW.h">
      <Filter>addons\ofxImGui\src</Filter>
    </ClInclude>
    <ClInclude Include="..\..\..\..\addons\ofxImGui\src\EngineOpenGLES.h">
      <Filter>addons\ofxImGui\src</Filter>
    </ClInclude>
    <ClInclude Include="..\..\..\..\addons\ofxImGui\src\EngineVk.h">
      <Filter>addons\ofxImGui\src</Filter>
    </ClInclude>
    <ClInclude Include="..\..\..\..\addons\ofxImGui\src\Gui.h">
      <Filter>addons\ofxImGui\src</Filter>
    </ClInclude>
    <ClInclude Include="..\..\..\..\addons\ofxImGui\src\Helpers.h">
      <Filter>addons\ofxImGui\src</Filter>
    </ClInclude>
    <ClInclude Include="..\..\..\..\addons\ofxImGui\src\imconfig.h">
      <Filter>addons\ofxImGui\src</Filter>
    </ClInclude>
    <ClInclude Include="..\..\..\..\addons\ofxImGui\src\ofxImGui.h">
      <Filter>addons\ofxImGui\src</Filter>
    </ClInclude>
    <ClInclude Include="..\..\..\..\addons\ofxImGui\src\ofxImGuiLoggerChannel.h">
      <Filter>addons\ofxImGui\src</Filter>
    </ClInclude>
    <ClInclude Include="..\..\..\..\addons\ofxImGui\libs\imgui\src\imgui.h">
      <Filter>addons\ofxImGui\libs\imgui\src</Filter>
    </ClInclude>
    <ClInclude Include="..\..\..\..\addons\ofxImGui\libs\imgui\src\imgui_internal.h">
      <Filter>addons\ofxImGui\libs\imgui\src</Filter>
    </ClInclude>
    <ClInclude Include="..\..\..\..\addons\ofxImGui\libs\imgui\src\imstb_rectpack.h">
      <Filter>addons\ofxImGui\libs\imgui\src</Filter>
    </ClInclude>
    <ClInclude Include="..\..\..\..\addons\ofxImGui\libs\imgui\src\imstb_textedit.h">
      <Filter>addons\ofxImGui\libs\imgui\src</Filter>
    </ClInclude>
    <ClInclude Include="..\..\..\..\addons\ofxImGui\libs\imgui\src\imstb_truetype.h">
      <Filter>addons\ofxImGui\libs\imgui\src</Filter>
    </ClInclude>
    <ClInclude Include="..\..\..\..\addons\ofxPoco\src\ofxXmlPoco.h">
      <Filter>addons\ofxPoco\src</Filter>
    </ClInclude>
    <ClInclude Include="..\..\..\..\addons\ofxTween\src\Easings\easing_terms_of_use.html">
      <Filter>addons\ofxTween\src\Easings</Filter>
    </ClInclude>
    <ClInclude Include="..\..\..\..\addons\ofxTween\src\Easings\ofxEasing.h">
      <Filter>addons\ofxTween\src\Easings</Filter>
    </ClInclude>
    <ClInclude Include="..\..\..\..\addons\ofxTween\src\Easings\ofxEasingBack.h">
      <Filter>addons\ofxTween\src\Easings</Filter>
    </ClInclude>
    <ClInclude Include="..\..\..\..\addons\ofxTween\src\Easings\ofxEasingBounce.h">
      <Filter>addons\ofxTween\src\Easings</Filter>
    </ClInclude>
    <ClInclude Include="..\..\..\..\addons\ofxTween\src\Easings\ofxEasingCirc.h">
      <Filter>addons\ofxTween\src\Easings</Filter>
    </ClInclude>
    <ClInclude Include="..\..\..\..\addons\ofxTween\src\Easings\ofxEasingCubic.h">
      <Filter>addons\ofxTween\src\Easings</Filter>
    </ClInclude>
    <ClInclude Include="..\..\..\..\addons\ofxTween\src\Easings\ofxEasingElastic.h">
      <Filter>addons\ofxTween\src\Easings</Filter>
    </ClInclude>
    <ClInclude Include="..\..\..\..\addons\ofxTween\src\Easings\ofxEasingExpo.h">
      <Filter>addons\ofxTween\src\Easings</Filter>
    </ClInclude>
    <ClInclude Include="..\..\..\..\addons\ofxTween\src\Easings\ofxEasingLinear.h">
      <Filter>addons\ofxTween\src\Easings</Filter>
    </ClInclude>
    <ClInclude Include="..\..\..\..\addons\ofxTween\src\Easings\ofxEasingQuad.h">
      <Filter>addons\ofxTween\src\Easings</Filter>
    </ClInclude>
    <ClInclude Include="..\..\..\..\addons\ofxTween\src\Easings\ofxEasingQuart.h">
      <Filter>addons\ofxTween\src\Easings</Filter>
    </ClInclude>
    <ClInclude Include="..\..\..\..\addons\ofxTween\src\Easings\ofxEasingQuint.h">
      <Filter>addons\ofxTween\src\Easings</Filter>
    </ClInclude>
    <ClInclude Include="..\..\..\..\addons\ofxTween\src\Easings\ofxEasingSine.h">
      <Filter>addons\ofxTween\src\Easings</Filter>
    </ClInclude>
    <ClInclude Include="..\..\..\..\addons\ofxTween\src\ofxTween.h">
      <Filter>addons\ofxTween\src</Filter>
    </ClInclude>
    <ClInclude Include="..\..\..\..\addons\ofxUnitTests\src\ofxUnitTests.h">
      <Filter>addons\ofxUnitTests\src</Filter>
    </ClInclude>
    <ClInclude Include="..\..\..\..\addons\ofxXmlSettings\src\ofxXmlSettings.h">
      <Filter>addons\ofxXmlSettings\src</Filter>
    </ClInclude>
    <ClInclude Include="..\..\..\..\addons\ofxXmlSettings\libs\tinyxml.h">
      <Filter>addons\ofxXmlSettings\libs</Filter>
    </ClInclude>
    <ClInclude Include="src\picojson\picojson.h" />
    <ClInclude Include="src\mapbox\optional.hpp" />
    <ClInclude Include="src\mapbox\recursive_wrapper.hpp" />
    <ClInclude Include="src\mapbox\variant.hpp" />
    <ClInclude Include="src\mapbox\variant_io.hpp" />
    <ClInclude Include="src\world\TextureInfoCollection.hpp" />
    <ClInclude Include="src\world\BlockInfoCollection.hpp" />
    <ClInclude Include="src\world\BlockPack.hpp" />
    <ClInclude Include="src\world\engine\Terrain.hpp" />
    <ClInclude Include="src\world\engine\Pocket.hpp" />
    <ClInclude Include="src\common\StateValue.hpp" />
    <ClInclude Include="src\luaex\luaex.hpp" />
    <ClInclude Include="src\luaex\luaimpl.hpp" />
    <ClInclude Include="src\world\biome\ScriptBiome.hpp" />
    <ClInclude Include="src\any\any.hpp" />
    <ClInclude Include="src\world\WorldIO.hpp" />
    <ClInclude Include="src\imguiex\ListBox.hpp" />
    <ClInclude Include="src\imguiex\CheckBox.hpp" />
    <ClInclude Include="src\imguiex\RadioButtonGroup.hpp" />
    <ClInclude Include="src\imguiex\InputField.hpp" />
  </ItemGroup>
  <ItemGroup>
    <ResourceCompile Include="icon.rc" />
  </ItemGroup>
  <ItemGroup>
    <None Include="src\picojson\LICENSE" />
    <None Include="src\mapbox\LICENSE" />
    <None Include="packages.config" />
  </ItemGroup>
  <ItemGroup>
    <Text Include="src\mapbox\LICENSE_1_0.txt" />
  </ItemGroup>
</Project>