<?xml version="1.0" encoding="utf-8"?>
<Project ToolsVersion="4.0" xmlns="http://schemas.microsoft.com/developer/msbuild/2003">
  <ItemGroup>
    <ClCompile Include="src\common\FirstPersonController.cpp">
      <Filter>src\common</Filter>
    </ClCompile>
    <ClCompile Include="src\common\glfw.cpp">
      <Filter>src\common</Filter>
    </ClCompile>
    <ClCompile Include="src\common\MouseScroll.cpp">
      <Filter>src\common</Filter>
    </ClCompile>
    <ClCompile Include="src\common\Random.cpp">
      <Filter>src\common</Filter>
    </ClCompile>
    <ClCompile Include="src\common\WASDMove.cpp">
      <Filter>src\common</Filter>
    </ClCompile>
    <ClCompile Include="src\game\main.cpp">
      <Filter>src\game</Filter>
    </ClCompile>
    <ClCompile Include="src\game\ofApp.cpp">
      <Filter>src\game</Filter>
    </ClCompile>
    <ClCompile Include="src\imguiex\CheckBox.cpp">
      <Filter>src\imguiex</Filter>
    </ClCompile>
    <ClCompile Include="src\imguiex\Float.cpp">
      <Filter>src\imguiex</Filter>
    </ClCompile>
    <ClCompile Include="src\imguiex\Float2.cpp">
      <Filter>src\imguiex</Filter>
    </ClCompile>
    <ClCompile Include="src\imguiex\Float3.cpp">
      <Filter>src\imguiex</Filter>
    </ClCompile>
    <ClCompile Include="src\imguiex\FloatXZ.cpp">
      <Filter>src\imguiex</Filter>
    </ClCompile>
    <ClCompile Include="src\imguiex\ListBox.cpp">
      <Filter>src\imguiex</Filter>
    </ClCompile>
    <ClCompile Include="src\imguiex\RadioButtonGroup.cpp">
      <Filter>src\imguiex</Filter>
    </ClCompile>
    <ClCompile Include="src\io\Directory.cpp">
      <Filter>src\io</Filter>
    </ClCompile>
    <ClCompile Include="src\io\File.cpp">
      <Filter>src\io</Filter>
    </ClCompile>
    <ClCompile Include="src\io\Path.cpp">
      <Filter>src\io</Filter>
    </ClCompile>
    <ClCompile Include="src\luaex\luaex.cpp">
      <Filter>src\luaex</Filter>
    </ClCompile>
    <ClCompile Include="src\shader\Camera.cpp">
      <Filter>src\shader</Filter>
    </ClCompile>
    <ClCompile Include="src\shader\Plane.cpp">
      <Filter>src\shader</Filter>
    </ClCompile>
    <ClCompile Include="src\shader\Texture.cpp">
      <Filter>src\shader</Filter>
    </ClCompile>
    <ClCompile Include="src\text\Encoding.cpp">
      <Filter>src\text</Filter>
    </ClCompile>
    <ClCompile Include="src\text\Strings.cpp">
      <Filter>src\text</Filter>
    </ClCompile>
    <ClCompile Include="src\world\biome\BasicBiome.cpp">
      <Filter>src\world\biome</Filter>
    </ClCompile>
    <ClCompile Include="src\world\biome\ScriptBiome.cpp">
      <Filter>src\world\biome</Filter>
    </ClCompile>
    <ClCompile Include="src\world\Block.cpp">
      <Filter>src\world</Filter>
    </ClCompile>
    <ClCompile Include="src\world\BlockInfoCollection.cpp">
      <Filter>src\world</Filter>
    </ClCompile>
    <ClCompile Include="src\world\BlockPack.cpp">
      <Filter>src\world</Filter>
    </ClCompile>
    <ClCompile Include="src\world\BlockRenderer.cpp">
      <Filter>src\world</Filter>
    </ClCompile>
    <ClCompile Include="src\world\BlockTable.cpp">
      <Filter>src\world</Filter>
    </ClCompile>
    <ClCompile Include="src\world\engine\Cell.cpp">
      <Filter>src\world\engine</Filter>
    </ClCompile>
    <ClCompile Include="src\world\engine\Generator.cpp">
      <Filter>src\world\engine</Filter>
    </ClCompile>
    <ClCompile Include="src\world\engine\Pocket.cpp">
      <Filter>src\world\engine</Filter>
    </ClCompile>
    <ClCompile Include="src\world\engine\Terrain.cpp">
      <Filter>src\world\engine</Filter>
    </ClCompile>
    <ClCompile Include="src\world\MultiBlock.cpp">
      <Filter>src\world</Filter>
    </ClCompile>
    <ClCompile Include="src\world\Planet.cpp">
      <Filter>src\world</Filter>
    </ClCompile>
    <ClCompile Include="src\world\SideRenderer.cpp">
      <Filter>src\world</Filter>
    </ClCompile>
    <ClCompile Include="src\world\TextureInfoCollection.cpp">
      <Filter>src\world</Filter>
    </ClCompile>
    <ClCompile Include="src\world\TexturePack.cpp">
      <Filter>src\world</Filter>
    </ClCompile>
    <ClCompile Include="src\world\TextureSet.cpp">
      <Filter>src\world</Filter>
    </ClCompile>
    <ClCompile Include="src\world\World.cpp">
      <Filter>src\world</Filter>
    </ClCompile>
    <ClCompile Include="src\world\WorldIO.cpp">
      <Filter>src\world</Filter>
    </ClCompile>
    <ClCompile Include="..\..\..\..\addons\ofxImGui\src\BaseEngine.cpp">
      <Filter>addons\ofxImGui\src</Filter>
    </ClCompile>
    <ClCompile Include="..\..\..\..\addons\ofxImGui\src\DefaultTheme.cpp">
      <Filter>addons\ofxImGui\src</Filter>
    </ClCompile>
    <ClCompile Include="..\..\..\..\addons\ofxImGui\src\EngineGLFW.cpp">
      <Filter>addons\ofxImGui\src</Filter>
    </ClCompile>
    <ClCompile Include="..\..\..\..\addons\ofxImGui\src\EngineOpenGLES.cpp">
      <Filter>addons\ofxImGui\src</Filter>
    </ClCompile>
    <ClCompile Include="..\..\..\..\addons\ofxImGui\src\EngineVk.cpp">
      <Filter>addons\ofxImGui\src</Filter>
    </ClCompile>
    <ClCompile Include="..\..\..\..\addons\ofxImGui\src\Gui.cpp">
      <Filter>addons\ofxImGui\src</Filter>
    </ClCompile>
    <ClCompile Include="..\..\..\..\addons\ofxImGui\src\Helpers.cpp">
      <Filter>addons\ofxImGui\src</Filter>
    </ClCompile>
    <ClCompile Include="..\..\..\..\addons\ofxImGui\src\ofxImGuiLoggerChannel.cpp">
      <Filter>addons\ofxImGui\src</Filter>
    </ClCompile>
    <ClCompile Include="..\..\..\..\addons\ofxImGui\libs\imgui\src\imgui.cpp">
      <Filter>addons\ofxImGui\libs\imgui\src</Filter>
    </ClCompile>
    <ClCompile Include="..\..\..\..\addons\ofxImGui\libs\imgui\src\imgui_demo.cpp">
      <Filter>addons\ofxImGui\libs\imgui\src</Filter>
    </ClCompile>
    <ClCompile Include="..\..\..\..\addons\ofxImGui\libs\imgui\src\imgui_draw.cpp">
      <Filter>addons\ofxImGui\libs\imgui\src</Filter>
    </ClCompile>
    <ClCompile Include="..\..\..\..\addons\ofxImGui\libs\imgui\src\imgui_widgets.cpp">
      <Filter>addons\ofxImGui\libs\imgui\src</Filter>
    </ClCompile>
    <ClCompile Include="src\objb\ObjBuilder.cpp" />
    <ClCompile Include="src\objb\MtlBuilder.cpp" />
    <ClCompile Include="src\imguiex\Integer.cpp" />
    <ClCompile Include="src\csvr\Parser.cpp" />
    <ClCompile Include="src\shader\Transform.cpp" />
  </ItemGroup>
  <ItemGroup>
    <Filter Include="src">
      <UniqueIdentifier>{d8376475-7454-4a24-b08a-aac121d3ad6f}</UniqueIdentifier>
    </Filter>
    <Filter Include="src\any">
      <UniqueIdentifier>{3309F675-54CB-2152-F0F4-4AA9}</UniqueIdentifier>
    </Filter>
    <Filter Include="src\common">
      <UniqueIdentifier>{FE56CF09-06BA-2CDB-AEB6-C358}</UniqueIdentifier>
    </Filter>
    <Filter Include="src\game">
      <UniqueIdentifier>{097A2B9D-257B-165E-E663-6489}</UniqueIdentifier>
    </Filter>
    <Filter Include="src\imguiex">
      <UniqueIdentifier>{BB8751B0-70F9-96C7-2B9D-9C42}</UniqueIdentifier>
    </Filter>
    <Filter Include="src\input">
      <UniqueIdentifier>{96AB040E-0CB8-94F0-7D6B-7794}</UniqueIdentifier>
    </Filter>
    <Filter Include="src\io">
      <UniqueIdentifier>{4C7AF5D1-9B29-A7D0-0641-10F4}</UniqueIdentifier>
    </Filter>
    <Filter Include="src\luaex">
      <UniqueIdentifier>{B3527819-F2F4-BBC0-79F2-8187}</UniqueIdentifier>
    </Filter>
    <Filter Include="src\mapbox">
      <UniqueIdentifier>{E0BC88FB-0F50-8E1E-B9A3-08B8}</UniqueIdentifier>
    </Filter>
    <Filter Include="src\PerlinNoise">
      <UniqueIdentifier>{904FA680-22A7-2B10-0FAA-AFD9}</UniqueIdentifier>
    </Filter>
    <Filter Include="src\picojson">
      <UniqueIdentifier>{49050414-8571-990F-25AC-4BEE}</UniqueIdentifier>
    </Filter>
    <Filter Include="src\scene">
      <UniqueIdentifier>{73142FC3-17CC-1CF8-54A8-DD1E}</UniqueIdentifier>
    </Filter>
    <Filter Include="src\shader">
      <UniqueIdentifier>{AB588F32-2194-449A-B4D5-FB46}</UniqueIdentifier>
    </Filter>
    <Filter Include="src\text">
      <UniqueIdentifier>{D126F1F7-06A4-E233-FC5D-540A}</UniqueIdentifier>
    </Filter>
    <Filter Include="src\world">
      <UniqueIdentifier>{FDB4A45B-3382-35DB-CEAE-9344}</UniqueIdentifier>
    </Filter>
    <Filter Include="src\world\biome">
      <UniqueIdentifier>{D8F81E7F-EA99-06CE-22BE-8DD5}</UniqueIdentifier>
    </Filter>
    <Filter Include="src\world\engine">
      <UniqueIdentifier>{E1BF937E-A226-DDF7-94C9-676B}</UniqueIdentifier>
    </Filter>
    <Filter Include="addons">
      <UniqueIdentifier>{71834F65-F3A9-211E-73B8-DC85}</UniqueIdentifier>
    </Filter>
    <Filter Include="addons\ofxImGui">
      <UniqueIdentifier>{0CD6A942-69FF-3BAA-3AF1-ADD1}</UniqueIdentifier>
    </Filter>
    <Filter Include="addons\ofxImGui\src">
      <UniqueIdentifier>{18028A43-13D3-1DD5-471A-BE87}</UniqueIdentifier>
    </Filter>
    <Filter Include="addons\ofxImGui\libs">
      <UniqueIdentifier>{BE2F957E-7DA7-055C-DC70-3070}</UniqueIdentifier>
    </Filter>
    <Filter Include="addons\ofxImGui\libs\imgui">
      <UniqueIdentifier>{296AD70B-2F2E-1462-9E7C-6030}</UniqueIdentifier>
    </Filter>
    <Filter Include="addons\ofxImGui\libs\imgui\src">
      <UniqueIdentifier>{5962BF19-1468-EB82-01C0-2E72}</UniqueIdentifier>
    </Filter>
  </ItemGroup>
  <ItemGroup>
    <ClInclude Include="src\any\any.hpp">
      <Filter>src\any</Filter>
    </ClInclude>
    <ClInclude Include="src\common\FirstPersonController.hpp">
      <Filter>src\common</Filter>
    </ClInclude>
    <ClInclude Include="src\common\glfw.hpp">
      <Filter>src\common</Filter>
    </ClInclude>
    <ClInclude Include="src\common\GLM.hpp">
      <Filter>src\common</Filter>
    </ClInclude>
    <ClInclude Include="src\common\MouseScroll.hpp">
      <Filter>src\common</Filter>
    </ClInclude>
    <ClInclude Include="src\common\Random.hpp">
      <Filter>src\common</Filter>
    </ClInclude>
    <ClInclude Include="src\common\StateValue.hpp">
      <Filter>src\common</Filter>
    </ClInclude>
    <ClInclude Include="src\common\WASDMove.hpp">
      <Filter>src\common</Filter>
    </ClInclude>
    <ClInclude Include="src\game\ofApp.h">
      <Filter>src\game</Filter>
    </ClInclude>
    <ClInclude Include="src\imguiex\CheckBox.hpp">
      <Filter>src\imguiex</Filter>
    </ClInclude>
    <ClInclude Include="src\imguiex\Float.hpp">
      <Filter>src\imguiex</Filter>
    </ClInclude>
    <ClInclude Include="src\imguiex\Float2.hpp">
      <Filter>src\imguiex</Filter>
    </ClInclude>
    <ClInclude Include="src\imguiex\Float3.hpp">
      <Filter>src\imguiex</Filter>
    </ClInclude>
    <ClInclude Include="src\imguiex\FloatXZ.hpp">
      <Filter>src\imguiex</Filter>
    </ClInclude>
    <ClInclude Include="src\imguiex\InputField.hpp">
      <Filter>src\imguiex</Filter>
    </ClInclude>
    <ClInclude Include="src\imguiex\ListBox.hpp">
      <Filter>src\imguiex</Filter>
    </ClInclude>
    <ClInclude Include="src\imguiex\RadioButtonGroup.hpp">
      <Filter>src\imguiex</Filter>
    </ClInclude>
    <ClInclude Include="src\io\Directory.hpp">
      <Filter>src\io</Filter>
    </ClInclude>
    <ClInclude Include="src\io\File.hpp">
      <Filter>src\io</Filter>
    </ClInclude>
    <ClInclude Include="src\io\Path.hpp">
      <Filter>src\io</Filter>
    </ClInclude>
    <ClInclude Include="src\luaex\luaex.hpp">
      <Filter>src\luaex</Filter>
    </ClInclude>
    <ClInclude Include="src\luaex\luaimpl.hpp">
      <Filter>src\luaex</Filter>
    </ClInclude>
    <ClInclude Include="src\mapbox\optional.hpp">
      <Filter>src\mapbox</Filter>
    </ClInclude>
    <ClInclude Include="src\mapbox\recursive_wrapper.hpp">
      <Filter>src\mapbox</Filter>
    </ClInclude>
    <ClInclude Include="src\mapbox\variant.hpp">
      <Filter>src\mapbox</Filter>
    </ClInclude>
    <ClInclude Include="src\mapbox\variant_io.hpp">
      <Filter>src\mapbox</Filter>
    </ClInclude>
    <ClInclude Include="src\PerlinNoise\PerlinNoise.hpp">
      <Filter>src\PerlinNoise</Filter>
    </ClInclude>
    <ClInclude Include="src\picojson\picojson.h">
      <Filter>src\picojson</Filter>
    </ClInclude>
    <ClInclude Include="src\shader\Camera.hpp">
      <Filter>src\shader</Filter>
    </ClInclude>
    <ClInclude Include="src\shader\Plane.hpp">
      <Filter>src\shader</Filter>
    </ClInclude>
    <ClInclude Include="src\shader\Texture.hpp">
      <Filter>src\shader</Filter>
    </ClInclude>
    <ClInclude Include="src\text\Encoding.hpp">
      <Filter>src\text</Filter>
    </ClInclude>
    <ClInclude Include="src\text\Strings.hpp">
      <Filter>src\text</Filter>
    </ClInclude>
    <ClInclude Include="src\world\biome\BasicBiome.hpp">
      <Filter>src\world\biome</Filter>
    </ClInclude>
    <ClInclude Include="src\world\biome\Biome.hpp">
      <Filter>src\world\biome</Filter>
    </ClInclude>
    <ClInclude Include="src\world\biome\ScriptBiome.hpp">
      <Filter>src\world\biome</Filter>
    </ClInclude>
    <ClInclude Include="src\world\Block.hpp">
      <Filter>src\world</Filter>
    </ClInclude>
    <ClInclude Include="src\world\BlockInfoCollection.hpp">
      <Filter>src\world</Filter>
    </ClInclude>
    <ClInclude Include="src\world\BlockPack.hpp">
      <Filter>src\world</Filter>
    </ClInclude>
    <ClInclude Include="src\world\BlockRenderer.hpp">
      <Filter>src\world</Filter>
    </ClInclude>
    <ClInclude Include="src\world\BlockTable.hpp">
      <Filter>src\world</Filter>
    </ClInclude>
    <ClInclude Include="src\world\engine\Cell.hpp">
      <Filter>src\world\engine</Filter>
    </ClInclude>
    <ClInclude Include="src\world\engine\Generator.hpp">
      <Filter>src\world\engine</Filter>
    </ClInclude>
    <ClInclude Include="src\world\engine\Pocket.hpp">
      <Filter>src\world\engine</Filter>
    </ClInclude>
    <ClInclude Include="src\world\engine\Terrain.hpp">
      <Filter>src\world\engine</Filter>
    </ClInclude>
    <ClInclude Include="src\world\MultiBlock.hpp">
      <Filter>src\world</Filter>
    </ClInclude>
    <ClInclude Include="src\world\Planet.hpp">
      <Filter>src\world</Filter>
    </ClInclude>
    <ClInclude Include="src\world\SideRenderer.hpp">
      <Filter>src\world</Filter>
    </ClInclude>
    <ClInclude Include="src\world\TextureInfoCollection.hpp">
      <Filter>src\world</Filter>
    </ClInclude>
    <ClInclude Include="src\world\TexturePack.hpp">
      <Filter>src\world</Filter>
    </ClInclude>
    <ClInclude Include="src\world\TextureSet.hpp">
      <Filter>src\world</Filter>
    </ClInclude>
    <ClInclude Include="src\world\World.hpp">
      <Filter>src\world</Filter>
    </ClInclude>
    <ClInclude Include="src\world\WorldIO.hpp">
      <Filter>src\world</Filter>
    </ClInclude>
    <ClInclude Include="..\..\..\..\addons\ofxImGui\src\BaseEngine.h">
      <Filter>addons\ofxImGui\src</Filter>
    </ClInclude>
    <ClInclude Include="..\..\..\..\addons\ofxImGui\src\BaseTheme.h">
      <Filter>addons\ofxImGui\src</Filter>
    </ClInclude>
    <ClInclude Include="..\..\..\..\addons\ofxImGui\src\DefaultTheme.h">
      <Filter>addons\ofxImGui\src</Filter>
    </ClInclude>
    <ClInclude Include="..\..\..\..\addons\ofxImGui\src\EngineGLFW.h">
      <Filter>addons\ofxImGui\src</Filter>
    </ClInclude>
    <ClInclude Include="..\..\..\..\addons\ofxImGui\src\EngineOpenGLES.h">
      <Filter>addons\ofxImGui\src</Filter>
    </ClInclude>
    <ClInclude Include="..\..\..\..\addons\ofxImGui\src\EngineVk.h">
      <Filter>addons\ofxImGui\src</Filter>
    </ClInclude>
    <ClInclude Include="..\..\..\..\addons\ofxImGui\src\Gui.h">
      <Filter>addons\ofxImGui\src</Filter>
    </ClInclude>
    <ClInclude Include="..\..\..\..\addons\ofxImGui\src\Helpers.h">
      <Filter>addons\ofxImGui\src</Filter>
    </ClInclude>
    <ClInclude Include="..\..\..\..\addons\ofxImGui\src\imconfig.h">
      <Filter>addons\ofxImGui\src</Filter>
    </ClInclude>
    <ClInclude Include="..\..\..\..\addons\ofxImGui\src\ofxImGui.h">
      <Filter>addons\ofxImGui\src</Filter>
    </ClInclude>
    <ClInclude Include="..\..\..\..\addons\ofxImGui\src\ofxImGuiLoggerChannel.h">
      <Filter>addons\ofxImGui\src</Filter>
    </ClInclude>
    <ClInclude Include="..\..\..\..\addons\ofxImGui\libs\imgui\src\imgui.h">
      <Filter>addons\ofxImGui\libs\imgui\src</Filter>
    </ClInclude>
    <ClInclude Include="..\..\..\..\addons\ofxImGui\libs\imgui\src\imgui_internal.h">
      <Filter>addons\ofxImGui\libs\imgui\src</Filter>
    </ClInclude>
    <ClInclude Include="..\..\..\..\addons\ofxImGui\libs\imgui\src\imstb_rectpack.h">
      <Filter>addons\ofxImGui\libs\imgui\src</Filter>
    </ClInclude>
    <ClInclude Include="..\..\..\..\addons\ofxImGui\libs\imgui\src\imstb_textedit.h">
      <Filter>addons\ofxImGui\libs\imgui\src</Filter>
    </ClInclude>
    <ClInclude Include="..\..\..\..\addons\ofxImGui\libs\imgui\src\imstb_truetype.h">
      <Filter>addons\ofxImGui\libs\imgui\src</Filter>
    </ClInclude>
    <ClInclude Include="src\objb\ObjBuilder.hpp" />
    <ClInclude Include="src\objb\MtlBuilder.hpp" />
    <ClInclude Include="src\imguiex\Integer.hpp" />
    <ClInclude Include="src\csvr\Parser.hpp" />
    <ClInclude Include="src\shader\Transform.hpp" />
  </ItemGroup>
  <ItemGroup>
    <ResourceCompile Include="icon.rc" />
  </ItemGroup>
</Project>